Microsoft Visual Studio Solution File, Format Version 12.00
# Visual Studio Version 17
VisualStudioVersion = 17.5.2.0
MinimumVisualStudioVersion = 10.0.40219.1
Project("{2150E333-8FDC-42A3-9474-1A3956D46DE8}") = "demo09-webapp-continst-contapp", "demo09-webapp-continst-contapp", "{1A0033E7-F5FE-72E9-F049-71478EDD9134}"
EndProject
Project("{FAE04EC0-301F-11D3-BF4B-00C04F79EFBC}") = "myapp", "demo09-webapp-continst-contapp\myapp\myapp.csproj", "{02EF265D-F273-7FB3-4AEE-971099605751}"
EndProject
Global
	GlobalSection(SolutionConfigurationPlatforms) = preSolution
		Debug|Any CPU = Debug|Any CPU
		Release|Any CPU = Release|Any CPU
	EndGlobalSection
	GlobalSection(ProjectConfigurationPlatforms) = postSolution
		{02EF265D-F273-7FB3-4AEE-971099605751}.Debug|Any CPU.ActiveCfg = Debug|Any CPU
		{02EF265D-F273-7FB3-4AEE-971099605751}.Debug|Any CPU.Build.0 = Debug|Any CPU
		{02EF265D-F273-7FB3-4AEE-971099605751}.Release|Any CPU.ActiveCfg = Release|Any CPU
		{02EF265D-F273-7FB3-4AEE-971099605751}.Release|Any CPU.Build.0 = Release|Any CPU
	EndGlobalSection
	GlobalSection(SolutionProperties) = preSolution
		HideSolutionNode = FALSE
	EndGlobalSection
	GlobalSection(NestedProjects) = preSolution
		{02EF265D-F273-7FB3-4AEE-971099605751} = {1A0033E7-F5FE-72E9-F049-71478EDD9134}
	EndGlobalSection
	GlobalSection(ExtensibilityGlobals) = postSolution
		SolutionGuid = {D311EE8B-0A22-4FA3-88C9-BF07B012F754}
	EndGlobalSection
EndGlobal
